
Microsoft Visual Studio Solution File, Format Version 12.00
# Visual Studio Version 16
VisualStudioVersion = 16.0.29424.173
MinimumVisualStudioVersion = 10.0.40219.1
Project("{9A19103F-16F7-4668-BE54-9A1E7A4F7556}") = "book.web", "..\book.web\book.web.csproj", "{EC3620F3-BE00-4834-8494-6EAF24B4106B}"
EndProject
Global
	GlobalSection(SolutionConfigurationPlatforms) = preSolution
		Debug|Any CPU = Debug|Any CPU
		Release|Any CPU = Release|Any CPU
	EndGlobalSection
	GlobalSection(ProjectConfigurationPlatforms) = postSolution
		{EC3620F3-BE00-4834-8494-6EAF24B4106B}.Debug|Any CPU.ActiveCfg = Debug|Any CPU
		{EC3620F3-BE00-4834-8494-6EAF24B4106B}.Debug|Any CPU.Build.0 = Debug|Any CPU
		{EC3620F3-BE00-4834-8494-6EAF24B4106B}.Release|Any CPU.ActiveCfg = Release|Any CPU
		{EC3620F3-BE00-4834-8494-6EAF24B4106B}.Release|Any CPU.Build.0 = Release|Any CPU
	EndGlobalSection
	GlobalSection(SolutionProperties) = preSolution
		HideSolutionNode = FALSE
	EndGlobalSection
	GlobalSection(ExtensibilityGlobals) = postSolution
		SolutionGuid = {E8FA507C-C7E4-4B21-A80F-430963036597}
	EndGlobalSection
EndGlobal
